// !$*UTF8*$!
{
	archiveVersion = 1;
	classes = {
	};
	objectVersion = 51;
	objects = {

/* Begin PBXBuildFile section */
		352B80661AD3EB61DA297217 /* Pods_Travelr.framework in Frameworks */ = {isa = PBXBuildFile; fileRef = C6631BA08F7B012734F80F24 /* Pods_Travelr.framework */; };
		949A20A324BCBCB7007010FD /* AppDelegate.m in Sources */ = {isa = PBXBuildFile; fileRef = 949A20A224BCBCB7007010FD /* AppDelegate.m */; };
		949A20A624BCBCB7007010FD /* SceneDelegate.m in Sources */ = {isa = PBXBuildFile; fileRef = 949A20A524BCBCB7007010FD /* SceneDelegate.m */; };
		949A20A924BCBCB7007010FD /* ViewController.m in Sources */ = {isa = PBXBuildFile; fileRef = 949A20A824BCBCB7007010FD /* ViewController.m */; };
		949A20AC24BCBCB7007010FD /* Main.storyboard in Resources */ = {isa = PBXBuildFile; fileRef = 949A20AA24BCBCB7007010FD /* Main.storyboard */; };
		949A20AE24BCBCB8007010FD /* Assets.xcassets in Resources */ = {isa = PBXBuildFile; fileRef = 949A20AD24BCBCB8007010FD /* Assets.xcassets */; };
		949A20B124BCBCB8007010FD /* LaunchScreen.storyboard in Resources */ = {isa = PBXBuildFile; fileRef = 949A20AF24BCBCB8007010FD /* LaunchScreen.storyboard */; };
		949A20B424BCBCB8007010FD /* main.m in Sources */ = {isa = PBXBuildFile; fileRef = 949A20B324BCBCB8007010FD /* main.m */; };
		949A20BE24BCBCB8007010FD /* TravelrTests.m in Sources */ = {isa = PBXBuildFile; fileRef = 949A20BD24BCBCB8007010FD /* TravelrTests.m */; };
		949A20C924BCBCB8007010FD /* TravelrUITests.m in Sources */ = {isa = PBXBuildFile; fileRef = 949A20C824BCBCB8007010FD /* TravelrUITests.m */; };
		949A20DD24BCCD09007010FD /* User.m in Sources */ = {isa = PBXBuildFile; fileRef = 949A20DC24BCCD09007010FD /* User.m */; };
		949A20E024BCCD6C007010FD /* PlaceList.m in Sources */ = {isa = PBXBuildFile; fileRef = 949A20DF24BCCD6C007010FD /* PlaceList.m */; };
		949A20E324BCCD8D007010FD /* Place.m in Sources */ = {isa = PBXBuildFile; fileRef = 949A20E224BCCD8D007010FD /* Place.m */; };
		949A20E624BCD6B0007010FD /* LoginViewController.m in Sources */ = {isa = PBXBuildFile; fileRef = 949A20E524BCD6B0007010FD /* LoginViewController.m */; };
		949A20E924BCDFA8007010FD /* SignUpViewController.m in Sources */ = {isa = PBXBuildFile; fileRef = 949A20E824BCDFA8007010FD /* SignUpViewController.m */; };
		949A20EC24BCDFC7007010FD /* ListFeedViewController.m in Sources */ = {isa = PBXBuildFile; fileRef = 949A20EB24BCDFC7007010FD /* ListFeedViewController.m */; };
		D6EBE0661A1382C58E12E788 /* Pods_TravelrTests.framework in Frameworks */ = {isa = PBXBuildFile; fileRef = 3B710EB2106F91407D56BC7D /* Pods_TravelrTests.framework */; };
		D7989ABD42DF2CE552166B2E /* Pods_Travelr_TravelrUITests.framework in Frameworks */ = {isa = PBXBuildFile; fileRef = B8DE768560B4AC11C21600C2 /* Pods_Travelr_TravelrUITests.framework */; };
/* End PBXBuildFile section */

/* Begin PBXContainerItemProxy section */
		949A20BA24BCBCB8007010FD /* PBXContainerItemProxy */ = {
			isa = PBXContainerItemProxy;
			containerPortal = 949A209624BCBCB7007010FD /* Project object */;
			proxyType = 1;
			remoteGlobalIDString = 949A209D24BCBCB7007010FD;
			remoteInfo = Travelr;
		};
		949A20C524BCBCB8007010FD /* PBXContainerItemProxy */ = {
			isa = PBXContainerItemProxy;
			containerPortal = 949A209624BCBCB7007010FD /* Project object */;
			proxyType = 1;
			remoteGlobalIDString = 949A209D24BCBCB7007010FD;
			remoteInfo = Travelr;
		};
/* End PBXContainerItemProxy section */

/* Begin PBXFileReference section */
		00D60ACE110090E27B050064 /* Pods-TravelrTests.debug.xcconfig */ = {isa = PBXFileReference; includeInIndex = 1; lastKnownFileType = text.xcconfig; name = "Pods-TravelrTests.debug.xcconfig"; path = "Target Support Files/Pods-TravelrTests/Pods-TravelrTests.debug.xcconfig"; sourceTree = "<group>"; };
		029ACA8CAD479C08B9C7604E /* Pods-Travelr.debug.xcconfig */ = {isa = PBXFileReference; includeInIndex = 1; lastKnownFileType = text.xcconfig; name = "Pods-Travelr.debug.xcconfig"; path = "Target Support Files/Pods-Travelr/Pods-Travelr.debug.xcconfig"; sourceTree = "<group>"; };
		3769A92898CABDAFAF08B2BC /* Pods-Travelr.release.xcconfig */ = {isa = PBXFileReference; includeInIndex = 1; lastKnownFileType = text.xcconfig; name = "Pods-Travelr.release.xcconfig"; path = "Target Support Files/Pods-Travelr/Pods-Travelr.release.xcconfig"; sourceTree = "<group>"; };
		3B710EB2106F91407D56BC7D /* Pods_TravelrTests.framework */ = {isa = PBXFileReference; explicitFileType = wrapper.framework; includeInIndex = 0; path = Pods_TravelrTests.framework; sourceTree = BUILT_PRODUCTS_DIR; };
		7FF7D7F6CDFA6041A1F5E95D /* Pods-Travelr-TravelrUITests.release.xcconfig */ = {isa = PBXFileReference; includeInIndex = 1; lastKnownFileType = text.xcconfig; name = "Pods-Travelr-TravelrUITests.release.xcconfig"; path = "Target Support Files/Pods-Travelr-TravelrUITests/Pods-Travelr-TravelrUITests.release.xcconfig"; sourceTree = "<group>"; };
		949A209E24BCBCB7007010FD /* Travelr.app */ = {isa = PBXFileReference; explicitFileType = wrapper.application; includeInIndex = 0; path = Travelr.app; sourceTree = BUILT_PRODUCTS_DIR; };
		949A20A124BCBCB7007010FD /* AppDelegate.h */ = {isa = PBXFileReference; lastKnownFileType = sourcecode.c.h; path = AppDelegate.h; sourceTree = "<group>"; };
		949A20A224BCBCB7007010FD /* AppDelegate.m */ = {isa = PBXFileReference; lastKnownFileType = sourcecode.c.objc; path = AppDelegate.m; sourceTree = "<group>"; };
		949A20A424BCBCB7007010FD /* SceneDelegate.h */ = {isa = PBXFileReference; lastKnownFileType = sourcecode.c.h; path = SceneDelegate.h; sourceTree = "<group>"; };
		949A20A524BCBCB7007010FD /* SceneDelegate.m */ = {isa = PBXFileReference; lastKnownFileType = sourcecode.c.objc; path = SceneDelegate.m; sourceTree = "<group>"; };
		949A20A724BCBCB7007010FD /* ViewController.h */ = {isa = PBXFileReference; lastKnownFileType = sourcecode.c.h; path = ViewController.h; sourceTree = "<group>"; };
		949A20A824BCBCB7007010FD /* ViewController.m */ = {isa = PBXFileReference; lastKnownFileType = sourcecode.c.objc; path = ViewController.m; sourceTree = "<group>"; };
		949A20AB24BCBCB7007010FD /* Base */ = {isa = PBXFileReference; lastKnownFileType = file.storyboard; name = Base; path = Base.lproj/Main.storyboard; sourceTree = "<group>"; };
		949A20AD24BCBCB8007010FD /* Assets.xcassets */ = {isa = PBXFileReference; lastKnownFileType = folder.assetcatalog; path = Assets.xcassets; sourceTree = "<group>"; };
		949A20B024BCBCB8007010FD /* Base */ = {isa = PBXFileReference; lastKnownFileType = file.storyboard; name = Base; path = Base.lproj/LaunchScreen.storyboard; sourceTree = "<group>"; };
		949A20B224BCBCB8007010FD /* Info.plist */ = {isa = PBXFileReference; lastKnownFileType = text.plist.xml; path = Info.plist; sourceTree = "<group>"; };
		949A20B324BCBCB8007010FD /* main.m */ = {isa = PBXFileReference; lastKnownFileType = sourcecode.c.objc; path = main.m; sourceTree = "<group>"; };
		949A20B924BCBCB8007010FD /* TravelrTests.xctest */ = {isa = PBXFileReference; explicitFileType = wrapper.cfbundle; includeInIndex = 0; path = TravelrTests.xctest; sourceTree = BUILT_PRODUCTS_DIR; };
		949A20BD24BCBCB8007010FD /* TravelrTests.m */ = {isa = PBXFileReference; lastKnownFileType = sourcecode.c.objc; path = TravelrTests.m; sourceTree = "<group>"; };
		949A20BF24BCBCB8007010FD /* Info.plist */ = {isa = PBXFileReference; lastKnownFileType = text.plist.xml; path = Info.plist; sourceTree = "<group>"; };
		949A20C424BCBCB8007010FD /* TravelrUITests.xctest */ = {isa = PBXFileReference; explicitFileType = wrapper.cfbundle; includeInIndex = 0; path = TravelrUITests.xctest; sourceTree = BUILT_PRODUCTS_DIR; };
		949A20C824BCBCB8007010FD /* TravelrUITests.m */ = {isa = PBXFileReference; lastKnownFileType = sourcecode.c.objc; path = TravelrUITests.m; sourceTree = "<group>"; };
		949A20CA24BCBCB8007010FD /* Info.plist */ = {isa = PBXFileReference; lastKnownFileType = text.plist.xml; path = Info.plist; sourceTree = "<group>"; };
		949A20DB24BCCD09007010FD /* User.h */ = {isa = PBXFileReference; lastKnownFileType = sourcecode.c.h; path = User.h; sourceTree = "<group>"; };
		949A20DC24BCCD09007010FD /* User.m */ = {isa = PBXFileReference; lastKnownFileType = sourcecode.c.objc; path = User.m; sourceTree = "<group>"; };
		949A20DE24BCCD6C007010FD /* PlaceList.h */ = {isa = PBXFileReference; lastKnownFileType = sourcecode.c.h; path = PlaceList.h; sourceTree = "<group>"; };
		949A20DF24BCCD6C007010FD /* PlaceList.m */ = {isa = PBXFileReference; lastKnownFileType = sourcecode.c.objc; path = PlaceList.m; sourceTree = "<group>"; };
		949A20E124BCCD8D007010FD /* Place.h */ = {isa = PBXFileReference; lastKnownFileType = sourcecode.c.h; path = Place.h; sourceTree = "<group>"; };
		949A20E224BCCD8D007010FD /* Place.m */ = {isa = PBXFileReference; lastKnownFileType = sourcecode.c.objc; path = Place.m; sourceTree = "<group>"; };
		949A20E424BCD6B0007010FD /* LoginViewController.h */ = {isa = PBXFileReference; lastKnownFileType = sourcecode.c.h; path = LoginViewController.h; sourceTree = "<group>"; };
		949A20E524BCD6B0007010FD /* LoginViewController.m */ = {isa = PBXFileReference; lastKnownFileType = sourcecode.c.objc; path = LoginViewController.m; sourceTree = "<group>"; };
		949A20E724BCDFA8007010FD /* SignUpViewController.h */ = {isa = PBXFileReference; lastKnownFileType = sourcecode.c.h; path = SignUpViewController.h; sourceTree = "<group>"; };
		949A20E824BCDFA8007010FD /* SignUpViewController.m */ = {isa = PBXFileReference; lastKnownFileType = sourcecode.c.objc; path = SignUpViewController.m; sourceTree = "<group>"; };
		949A20EA24BCDFC7007010FD /* ListFeedViewController.h */ = {isa = PBXFileReference; lastKnownFileType = sourcecode.c.h; path = ListFeedViewController.h; sourceTree = "<group>"; };
		949A20EB24BCDFC7007010FD /* ListFeedViewController.m */ = {isa = PBXFileReference; lastKnownFileType = sourcecode.c.objc; path = ListFeedViewController.m; sourceTree = "<group>"; };
		ABB1C2003509E12E20E7721F /* Pods-TravelrTests.release.xcconfig */ = {isa = PBXFileReference; includeInIndex = 1; lastKnownFileType = text.xcconfig; name = "Pods-TravelrTests.release.xcconfig"; path = "Target Support Files/Pods-TravelrTests/Pods-TravelrTests.release.xcconfig"; sourceTree = "<group>"; };
		B8DE768560B4AC11C21600C2 /* Pods_Travelr_TravelrUITests.framework */ = {isa = PBXFileReference; explicitFileType = wrapper.framework; includeInIndex = 0; path = Pods_Travelr_TravelrUITests.framework; sourceTree = BUILT_PRODUCTS_DIR; };
		C6631BA08F7B012734F80F24 /* Pods_Travelr.framework */ = {isa = PBXFileReference; explicitFileType = wrapper.framework; includeInIndex = 0; path = Pods_Travelr.framework; sourceTree = BUILT_PRODUCTS_DIR; };
		F835D47B3EC405423922B997 /* Pods-Travelr-TravelrUITests.debug.xcconfig */ = {isa = PBXFileReference; includeInIndex = 1; lastKnownFileType = text.xcconfig; name = "Pods-Travelr-TravelrUITests.debug.xcconfig"; path = "Target Support Files/Pods-Travelr-TravelrUITests/Pods-Travelr-TravelrUITests.debug.xcconfig"; sourceTree = "<group>"; };
/* End PBXFileReference section */

/* Begin PBXFrameworksBuildPhase section */
		949A209B24BCBCB7007010FD /* Frameworks */ = {
			isa = PBXFrameworksBuildPhase;
			buildActionMask = 2147483647;
			files = (
				352B80661AD3EB61DA297217 /* Pods_Travelr.framework in Frameworks */,
			);
			runOnlyForDeploymentPostprocessing = 0;
		};
		949A20B624BCBCB8007010FD /* Frameworks */ = {
			isa = PBXFrameworksBuildPhase;
			buildActionMask = 2147483647;
			files = (
				D6EBE0661A1382C58E12E788 /* Pods_TravelrTests.framework in Frameworks */,
			);
			runOnlyForDeploymentPostprocessing = 0;
		};
		949A20C124BCBCB8007010FD /* Frameworks */ = {
			isa = PBXFrameworksBuildPhase;
			buildActionMask = 2147483647;
			files = (
				D7989ABD42DF2CE552166B2E /* Pods_Travelr_TravelrUITests.framework in Frameworks */,
			);
			runOnlyForDeploymentPostprocessing = 0;
		};
/* End PBXFrameworksBuildPhase section */

/* Begin PBXGroup section */
		7CEA07FA71C5AAE7593B6760 /* Pods */ = {
			isa = PBXGroup;
			children = (
				029ACA8CAD479C08B9C7604E /* Pods-Travelr.debug.xcconfig */,
				3769A92898CABDAFAF08B2BC /* Pods-Travelr.release.xcconfig */,
				F835D47B3EC405423922B997 /* Pods-Travelr-TravelrUITests.debug.xcconfig */,
				7FF7D7F6CDFA6041A1F5E95D /* Pods-Travelr-TravelrUITests.release.xcconfig */,
				00D60ACE110090E27B050064 /* Pods-TravelrTests.debug.xcconfig */,
				ABB1C2003509E12E20E7721F /* Pods-TravelrTests.release.xcconfig */,
			);
			path = Pods;
			sourceTree = "<group>";
		};
		949A209524BCBCB7007010FD = {
			isa = PBXGroup;
			children = (
				949A20A024BCBCB7007010FD /* Travelr */,
				949A20BC24BCBCB8007010FD /* TravelrTests */,
				949A20C724BCBCB8007010FD /* TravelrUITests */,
				949A209F24BCBCB7007010FD /* Products */,
				7CEA07FA71C5AAE7593B6760 /* Pods */,
				A7172DF04788EE45A75F043B /* Frameworks */,
			);
			sourceTree = "<group>";
		};
		949A209F24BCBCB7007010FD /* Products */ = {
			isa = PBXGroup;
			children = (
				949A209E24BCBCB7007010FD /* Travelr.app */,
				949A20B924BCBCB8007010FD /* TravelrTests.xctest */,
				949A20C424BCBCB8007010FD /* TravelrUITests.xctest */,
			);
			name = Products;
			sourceTree = "<group>";
		};
		949A20A024BCBCB7007010FD /* Travelr */ = {
			isa = PBXGroup;
			children = (
				949A20DA24BCCCB7007010FD /* APIManager */,
				949A20D824BCCCA0007010FD /* Models */,
				949A20D724BCCC98007010FD /* Views */,
				949A20D924BCCCA7007010FD /* ViewControllers */,
				949A20A124BCBCB7007010FD /* AppDelegate.h */,
				949A20A224BCBCB7007010FD /* AppDelegate.m */,
				949A20A424BCBCB7007010FD /* SceneDelegate.h */,
				949A20A524BCBCB7007010FD /* SceneDelegate.m */,
				949A20A724BCBCB7007010FD /* ViewController.h */,
				949A20A824BCBCB7007010FD /* ViewController.m */,
				949A20AA24BCBCB7007010FD /* Main.storyboard */,
				949A20AD24BCBCB8007010FD /* Assets.xcassets */,
				949A20AF24BCBCB8007010FD /* LaunchScreen.storyboard */,
				949A20B224BCBCB8007010FD /* Info.plist */,
				949A20B324BCBCB8007010FD /* main.m */,
			);
			path = Travelr;
			sourceTree = "<group>";
		};
		949A20BC24BCBCB8007010FD /* TravelrTests */ = {
			isa = PBXGroup;
			children = (
				949A20BD24BCBCB8007010FD /* TravelrTests.m */,
				949A20BF24BCBCB8007010FD /* Info.plist */,
			);
			path = TravelrTests;
			sourceTree = "<group>";
		};
		949A20C724BCBCB8007010FD /* TravelrUITests */ = {
			isa = PBXGroup;
			children = (
				949A20C824BCBCB8007010FD /* TravelrUITests.m */,
				949A20CA24BCBCB8007010FD /* Info.plist */,
			);
			path = TravelrUITests;
			sourceTree = "<group>";
		};
		949A20D724BCCC98007010FD /* Views */ = {
			isa = PBXGroup;
			children = (
			);
			path = Views;
			sourceTree = "<group>";
		};
		949A20D824BCCCA0007010FD /* Models */ = {
			isa = PBXGroup;
			children = (
				949A20DB24BCCD09007010FD /* User.h */,
				949A20DC24BCCD09007010FD /* User.m */,
				949A20DE24BCCD6C007010FD /* PlaceList.h */,
				949A20DF24BCCD6C007010FD /* PlaceList.m */,
				949A20E124BCCD8D007010FD /* Place.h */,
				949A20E224BCCD8D007010FD /* Place.m */,
			);
			path = Models;
			sourceTree = "<group>";
		};
		949A20D924BCCCA7007010FD /* ViewControllers */ = {
			isa = PBXGroup;
			children = (
				949A20E424BCD6B0007010FD /* LoginViewController.h */,
				949A20E524BCD6B0007010FD /* LoginViewController.m */,
				949A20E724BCDFA8007010FD /* SignUpViewController.h */,
				949A20E824BCDFA8007010FD /* SignUpViewController.m */,
				949A20EA24BCDFC7007010FD /* ListFeedViewController.h */,
				949A20EB24BCDFC7007010FD /* ListFeedViewController.m */,
			);
			path = ViewControllers;
			sourceTree = "<group>";
		};
		949A20DA24BCCCB7007010FD /* APIManager */ = {
			isa = PBXGroup;
			children = (
			);
			path = APIManager;
			sourceTree = "<group>";
		};
		A7172DF04788EE45A75F043B /* Frameworks */ = {
			isa = PBXGroup;
			children = (
				C6631BA08F7B012734F80F24 /* Pods_Travelr.framework */,
				B8DE768560B4AC11C21600C2 /* Pods_Travelr_TravelrUITests.framework */,
				3B710EB2106F91407D56BC7D /* Pods_TravelrTests.framework */,
			);
			name = Frameworks;
			sourceTree = "<group>";
		};
/* End PBXGroup section */

/* Begin PBXNativeTarget section */
		949A209D24BCBCB7007010FD /* Travelr */ = {
			isa = PBXNativeTarget;
			buildConfigurationList = 949A20CD24BCBCB8007010FD /* Build configuration list for PBXNativeTarget "Travelr" */;
			buildPhases = (
				C6D9DCF65FC0B79FC18731AE /* [CP] Check Pods Manifest.lock */,
				949A209A24BCBCB7007010FD /* Sources */,
				949A209B24BCBCB7007010FD /* Frameworks */,
				949A209C24BCBCB7007010FD /* Resources */,
				9763EB78F617CB0954920F07 /* [CP] Embed Pods Frameworks */,
			);
			buildRules = (
			);
			dependencies = (
			);
			name = Travelr;
			productName = Travelr;
			productReference = 949A209E24BCBCB7007010FD /* Travelr.app */;
			productType = "com.apple.product-type.application";
		};
		949A20B824BCBCB8007010FD /* TravelrTests */ = {
			isa = PBXNativeTarget;
			buildConfigurationList = 949A20D024BCBCB8007010FD /* Build configuration list for PBXNativeTarget "TravelrTests" */;
			buildPhases = (
				47589BBFD3656374B84ADD18 /* [CP] Check Pods Manifest.lock */,
				949A20B524BCBCB8007010FD /* Sources */,
				949A20B624BCBCB8007010FD /* Frameworks */,
				949A20B724BCBCB8007010FD /* Resources */,
			);
			buildRules = (
			);
			dependencies = (
				949A20BB24BCBCB8007010FD /* PBXTargetDependency */,
			);
			name = TravelrTests;
			productName = TravelrTests;
			productReference = 949A20B924BCBCB8007010FD /* TravelrTests.xctest */;
			productType = "com.apple.product-type.bundle.unit-test";
		};
		949A20C324BCBCB8007010FD /* TravelrUITests */ = {
			isa = PBXNativeTarget;
			buildConfigurationList = 949A20D324BCBCB8007010FD /* Build configuration list for PBXNativeTarget "TravelrUITests" */;
			buildPhases = (
				5C4709465794BD7DEF2636C2 /* [CP] Check Pods Manifest.lock */,
				949A20C024BCBCB8007010FD /* Sources */,
				949A20C124BCBCB8007010FD /* Frameworks */,
				949A20C224BCBCB8007010FD /* Resources */,
				DAD2C775568CD1D8FF664A7F /* [CP] Embed Pods Frameworks */,
			);
			buildRules = (
			);
			dependencies = (
				949A20C624BCBCB8007010FD /* PBXTargetDependency */,
			);
			name = TravelrUITests;
			productName = TravelrUITests;
			productReference = 949A20C424BCBCB8007010FD /* TravelrUITests.xctest */;
			productType = "com.apple.product-type.bundle.ui-testing";
		};
/* End PBXNativeTarget section */

/* Begin PBXProject section */
		949A209624BCBCB7007010FD /* Project object */ = {
			isa = PBXProject;
			attributes = {
				LastUpgradeCheck = 1150;
				ORGANIZATIONNAME = anacismaru;
				TargetAttributes = {
					949A209D24BCBCB7007010FD = {
						CreatedOnToolsVersion = 11.5;
					};
					949A20B824BCBCB8007010FD = {
						CreatedOnToolsVersion = 11.5;
						TestTargetID = 949A209D24BCBCB7007010FD;
					};
					949A20C324BCBCB8007010FD = {
						CreatedOnToolsVersion = 11.5;
						TestTargetID = 949A209D24BCBCB7007010FD;
					};
				};
			};
			buildConfigurationList = 949A209924BCBCB7007010FD /* Build configuration list for PBXProject "Travelr" */;
			compatibilityVersion = "Xcode 9.3";
			developmentRegion = en;
			hasScannedForEncodings = 0;
			knownRegions = (
				en,
				Base,
			);
			mainGroup = 949A209524BCBCB7007010FD;
			productRefGroup = 949A209F24BCBCB7007010FD /* Products */;
			projectDirPath = "";
			projectRoot = "";
			targets = (
				949A209D24BCBCB7007010FD /* Travelr */,
				949A20B824BCBCB8007010FD /* TravelrTests */,
				949A20C324BCBCB8007010FD /* TravelrUITests */,
			);
		};
/* End PBXProject section */

/* Begin PBXResourcesBuildPhase section */
		949A209C24BCBCB7007010FD /* Resources */ = {
			isa = PBXResourcesBuildPhase;
			buildActionMask = 2147483647;
			files = (
				949A20B124BCBCB8007010FD /* LaunchScreen.storyboard in Resources */,
				949A20AE24BCBCB8007010FD /* Assets.xcassets in Resources */,
				949A20AC24BCBCB7007010FD /* Main.storyboard in Resources */,
			);
			runOnlyForDeploymentPostprocessing = 0;
		};
		949A20B724BCBCB8007010FD /* Resources */ = {
			isa = PBXResourcesBuildPhase;
			buildActionMask = 2147483647;
			files = (
			);
			runOnlyForDeploymentPostprocessing = 0;
		};
		949A20C224BCBCB8007010FD /* Resources */ = {
			isa = PBXResourcesBuildPhase;
			buildActionMask = 2147483647;
			files = (
			);
			runOnlyForDeploymentPostprocessing = 0;
		};
/* End PBXResourcesBuildPhase section */

/* Begin PBXShellScriptBuildPhase section */
		47589BBFD3656374B84ADD18 /* [CP] Check Pods Manifest.lock */ = {
			isa = PBXShellScriptBuildPhase;
			buildActionMask = 2147483647;
			files = (
			);
			inputFileListPaths = (
			);
			inputPaths = (
				"${PODS_PODFILE_DIR_PATH}/Podfile.lock",
				"${PODS_ROOT}/Manifest.lock",
			);
			name = "[CP] Check Pods Manifest.lock";
			outputFileListPaths = (
			);
			outputPaths = (
				"$(DERIVED_FILE_DIR)/Pods-TravelrTests-checkManifestLockResult.txt",
			);
			runOnlyForDeploymentPostprocessing = 0;
			shellPath = /bin/sh;
			shellScript = "diff \"${PODS_PODFILE_DIR_PATH}/Podfile.lock\" \"${PODS_ROOT}/Manifest.lock\" > /dev/null\nif [ $? != 0 ] ; then\n    # print error to STDERR\n    echo \"error: The sandbox is not in sync with the Podfile.lock. Run 'pod install' or update your CocoaPods installation.\" >&2\n    exit 1\nfi\n# This output is used by Xcode 'outputs' to avoid re-running this script phase.\necho \"SUCCESS\" > \"${SCRIPT_OUTPUT_FILE_0}\"\n";
			showEnvVarsInLog = 0;
		};
		5C4709465794BD7DEF2636C2 /* [CP] Check Pods Manifest.lock */ = {
			isa = PBXShellScriptBuildPhase;
			buildActionMask = 2147483647;
			files = (
			);
			inputFileListPaths = (
			);
			inputPaths = (
				"${PODS_PODFILE_DIR_PATH}/Podfile.lock",
				"${PODS_ROOT}/Manifest.lock",
			);
			name = "[CP] Check Pods Manifest.lock";
			outputFileListPaths = (
			);
			outputPaths = (
				"$(DERIVED_FILE_DIR)/Pods-Travelr-TravelrUITests-checkManifestLockResult.txt",
			);
			runOnlyForDeploymentPostprocessing = 0;
			shellPath = /bin/sh;
			shellScript = "diff \"${PODS_PODFILE_DIR_PATH}/Podfile.lock\" \"${PODS_ROOT}/Manifest.lock\" > /dev/null\nif [ $? != 0 ] ; then\n    # print error to STDERR\n    echo \"error: The sandbox is not in sync with the Podfile.lock. Run 'pod install' or update your CocoaPods installation.\" >&2\n    exit 1\nfi\n# This output is used by Xcode 'outputs' to avoid re-running this script phase.\necho \"SUCCESS\" > \"${SCRIPT_OUTPUT_FILE_0}\"\n";
			showEnvVarsInLog = 0;
		};
		9763EB78F617CB0954920F07 /* [CP] Embed Pods Frameworks */ = {
			isa = PBXShellScriptBuildPhase;
			buildActionMask = 2147483647;
			files = (
			);
			inputFileListPaths = (
				"${PODS_ROOT}/Target Support Files/Pods-Travelr/Pods-Travelr-frameworks-${CONFIGURATION}-input-files.xcfilelist",
			);
			name = "[CP] Embed Pods Frameworks";
			outputFileListPaths = (
				"${PODS_ROOT}/Target Support Files/Pods-Travelr/Pods-Travelr-frameworks-${CONFIGURATION}-output-files.xcfilelist",
			);
			runOnlyForDeploymentPostprocessing = 0;
			shellPath = /bin/sh;
			shellScript = "\"${PODS_ROOT}/Target Support Files/Pods-Travelr/Pods-Travelr-frameworks.sh\"\n";
			showEnvVarsInLog = 0;
		};
		C6D9DCF65FC0B79FC18731AE /* [CP] Check Pods Manifest.lock */ = {
			isa = PBXShellScriptBuildPhase;
			buildActionMask = 2147483647;
			files = (
			);
			inputFileListPaths = (
			);
			inputPaths = (
				"${PODS_PODFILE_DIR_PATH}/Podfile.lock",
				"${PODS_ROOT}/Manifest.lock",
			);
			name = "[CP] Check Pods Manifest.lock";
			outputFileListPaths = (
			);
			outputPaths = (
				"$(DERIVED_FILE_DIR)/Pods-Travelr-checkManifestLockResult.txt",
			);
			runOnlyForDeploymentPostprocessing = 0;
			shellPath = /bin/sh;
			shellScript = "diff \"${PODS_PODFILE_DIR_PATH}/Podfile.lock\" \"${PODS_ROOT}/Manifest.lock\" > /dev/null\nif [ $? != 0 ] ; then\n    # print error to STDERR\n    echo \"error: The sandbox is not in sync with the Podfile.lock. Run 'pod install' or update your CocoaPods installation.\" >&2\n    exit 1\nfi\n# This output is used by Xcode 'outputs' to avoid re-running this script phase.\necho \"SUCCESS\" > \"${SCRIPT_OUTPUT_FILE_0}\"\n";
			showEnvVarsInLog = 0;
		};
		DAD2C775568CD1D8FF664A7F /* [CP] Embed Pods Frameworks */ = {
			isa = PBXShellScriptBuildPhase;
			buildActionMask = 2147483647;
			files = (
			);
			inputFileListPaths = (
				"${PODS_ROOT}/Target Support Files/Pods-Travelr-TravelrUITests/Pods-Travelr-TravelrUITests-frameworks-${CONFIGURATION}-input-files.xcfilelist",
			);
			name = "[CP] Embed Pods Frameworks";
			outputFileListPaths = (
				"${PODS_ROOT}/Target Support Files/Pods-Travelr-TravelrUITests/Pods-Travelr-TravelrUITests-frameworks-${CONFIGURATION}-output-files.xcfilelist",
			);
			runOnlyForDeploymentPostprocessing = 0;
			shellPath = /bin/sh;
			shellScript = "\"${PODS_ROOT}/Target Support Files/Pods-Travelr-TravelrUITests/Pods-Travelr-TravelrUITests-frameworks.sh\"\n";
			showEnvVarsInLog = 0;
		};
/* End PBXShellScriptBuildPhase section */

/* Begin PBXSourcesBuildPhase section */
		949A209A24BCBCB7007010FD /* Sources */ = {
			isa = PBXSourcesBuildPhase;
			buildActionMask = 2147483647;
			files = (
				949A20E624BCD6B0007010FD /* LoginViewController.m in Sources */,
				949A20DD24BCCD09007010FD /* User.m in Sources */,
				949A20A924BCBCB7007010FD /* ViewController.m in Sources */,
				949A20E324BCCD8D007010FD /* Place.m in Sources */,
				949A20A324BCBCB7007010FD /* AppDelegate.m in Sources */,
				949A20E024BCCD6C007010FD /* PlaceList.m in Sources */,
				949A20B424BCBCB8007010FD /* main.m in Sources */,
				949A20A624BCBCB7007010FD /* SceneDelegate.m in Sources */,
				949A20EC24BCDFC7007010FD /* ListFeedViewController.m in Sources */,
				949A20E924BCDFA8007010FD /* SignUpViewController.m in Sources */,
			);
			runOnlyForDeploymentPostprocessing = 0;
		};
		949A20B524BCBCB8007010FD /* Sources */ = {
			isa = PBXSourcesBuildPhase;
			buildActionMask = 2147483647;
			files = (
				949A20BE24BCBCB8007010FD /* TravelrTests.m in Sources */,
			);
			runOnlyForDeploymentPostprocessing = 0;
		};
		949A20C024BCBCB8007010FD /* Sources */ = {
			isa = PBXSourcesBuildPhase;
			buildActionMask = 2147483647;
			files = (
				949A20C924BCBCB8007010FD /* TravelrUITests.m in Sources */,
			);
			runOnlyForDeploymentPostprocessing = 0;
		};
/* End PBXSourcesBuildPhase section */

/* Begin PBXTargetDependency section */
		949A20BB24BCBCB8007010FD /* PBXTargetDependency */ = {
			isa = PBXTargetDependency;
			target = 949A209D24BCBCB7007010FD /* Travelr */;
			targetProxy = 949A20BA24BCBCB8007010FD /* PBXContainerItemProxy */;
		};
		949A20C624BCBCB8007010FD /* PBXTargetDependency */ = {
			isa = PBXTargetDependency;
			target = 949A209D24BCBCB7007010FD /* Travelr */;
			targetProxy = 949A20C524BCBCB8007010FD /* PBXContainerItemProxy */;
		};
/* End PBXTargetDependency section */

/* Begin PBXVariantGroup section */
		949A20AA24BCBCB7007010FD /* Main.storyboard */ = {
			isa = PBXVariantGroup;
			children = (
				949A20AB24BCBCB7007010FD /* Base */,
			);
			name = Main.storyboard;
			sourceTree = "<group>";
		};
		949A20AF24BCBCB8007010FD /* LaunchScreen.storyboard */ = {
			isa = PBXVariantGroup;
			children = (
				949A20B024BCBCB8007010FD /* Base */,
			);
			name = LaunchScreen.storyboard;
			sourceTree = "<group>";
		};
/* End PBXVariantGroup section */

/* Begin XCBuildConfiguration section */
		949A20CB24BCBCB8007010FD /* Debug */ = {
			isa = XCBuildConfiguration;
			buildSettings = {
				ALWAYS_SEARCH_USER_PATHS = NO;
				CLANG_ANALYZER_NONNULL = YES;
				CLANG_ANALYZER_NUMBER_OBJECT_CONVERSION = YES_AGGRESSIVE;
				CLANG_CXX_LANGUAGE_STANDARD = "gnu++14";
				CLANG_CXX_LIBRARY = "libc++";
				CLANG_ENABLE_MODULES = YES;
				CLANG_ENABLE_OBJC_ARC = YES;
				CLANG_ENABLE_OBJC_WEAK = YES;
				CLANG_WARN_BLOCK_CAPTURE_AUTORELEASING = YES;
				CLANG_WARN_BOOL_CONVERSION = YES;
				CLANG_WARN_COMMA = YES;
				CLANG_WARN_CONSTANT_CONVERSION = YES;
				CLANG_WARN_DEPRECATED_OBJC_IMPLEMENTATIONS = YES;
				CLANG_WARN_DIRECT_OBJC_ISA_USAGE = YES_ERROR;
				CLANG_WARN_DOCUMENTATION_COMMENTS = YES;
				CLANG_WARN_EMPTY_BODY = YES;
				CLANG_WARN_ENUM_CONVERSION = YES;
				CLANG_WARN_INFINITE_RECURSION = YES;
				CLANG_WARN_INT_CONVERSION = YES;
				CLANG_WARN_NON_LITERAL_NULL_CONVERSION = YES;
				CLANG_WARN_OBJC_IMPLICIT_RETAIN_SELF = YES;
				CLANG_WARN_OBJC_LITERAL_CONVERSION = YES;
				CLANG_WARN_OBJC_ROOT_CLASS = YES_ERROR;
				CLANG_WARN_RANGE_LOOP_ANALYSIS = YES;
				CLANG_WARN_STRICT_PROTOTYPES = YES;
				CLANG_WARN_SUSPICIOUS_MOVE = YES;
				CLANG_WARN_UNGUARDED_AVAILABILITY = YES_AGGRESSIVE;
				CLANG_WARN_UNREACHABLE_CODE = YES;
				CLANG_WARN__DUPLICATE_METHOD_MATCH = YES;
				COPY_PHASE_STRIP = NO;
				DEBUG_INFORMATION_FORMAT = dwarf;
				ENABLE_STRICT_OBJC_MSGSEND = YES;
				ENABLE_TESTABILITY = YES;
				GCC_C_LANGUAGE_STANDARD = gnu11;
				GCC_DYNAMIC_NO_PIC = NO;
				GCC_NO_COMMON_BLOCKS = YES;
				GCC_OPTIMIZATION_LEVEL = 0;
				GCC_PREPROCESSOR_DEFINITIONS = (
					"DEBUG=1",
					"$(inherited)",
				);
				GCC_WARN_64_TO_32_BIT_CONVERSION = YES;
				GCC_WARN_ABOUT_RETURN_TYPE = YES_ERROR;
				GCC_WARN_UNDECLARED_SELECTOR = YES;
				GCC_WARN_UNINITIALIZED_AUTOS = YES_AGGRESSIVE;
				GCC_WARN_UNUSED_FUNCTION = YES;
				GCC_WARN_UNUSED_VARIABLE = YES;
				IPHONEOS_DEPLOYMENT_TARGET = 13.5;
				MTL_ENABLE_DEBUG_INFO = INCLUDE_SOURCE;
				MTL_FAST_MATH = YES;
				ONLY_ACTIVE_ARCH = YES;
				SDKROOT = iphoneos;
			};
			name = Debug;
		};
		949A20CC24BCBCB8007010FD /* Release */ = {
			isa = XCBuildConfiguration;
			buildSettings = {
				ALWAYS_SEARCH_USER_PATHS = NO;
				CLANG_ANALYZER_NONNULL = YES;
				CLANG_ANALYZER_NUMBER_OBJECT_CONVERSION = YES_AGGRESSIVE;
				CLANG_CXX_LANGUAGE_STANDARD = "gnu++14";
				CLANG_CXX_LIBRARY = "libc++";
				CLANG_ENABLE_MODULES = YES;
				CLANG_ENABLE_OBJC_ARC = YES;
				CLANG_ENABLE_OBJC_WEAK = YES;
				CLANG_WARN_BLOCK_CAPTURE_AUTORELEASING = YES;
				CLANG_WARN_BOOL_CONVERSION = YES;
				CLANG_WARN_COMMA = YES;
				CLANG_WARN_CONSTANT_CONVERSION = YES;
				CLANG_WARN_DEPRECATED_OBJC_IMPLEMENTATIONS = YES;
				CLANG_WARN_DIRECT_OBJC_ISA_USAGE = YES_ERROR;
				CLANG_WARN_DOCUMENTATION_COMMENTS = YES;
				CLANG_WARN_EMPTY_BODY = YES;
				CLANG_WARN_ENUM_CONVERSION = YES;
				CLANG_WARN_INFINITE_RECURSION = YES;
				CLANG_WARN_INT_CONVERSION = YES;
				CLANG_WARN_NON_LITERAL_NULL_CONVERSION = YES;
				CLANG_WARN_OBJC_IMPLICIT_RETAIN_SELF = YES;
				CLANG_WARN_OBJC_LITERAL_CONVERSION = YES;
				CLANG_WARN_OBJC_ROOT_CLASS = YES_ERROR;
				CLANG_WARN_RANGE_LOOP_ANALYSIS = YES;
				CLANG_WARN_STRICT_PROTOTYPES = YES;
				CLANG_WARN_SUSPICIOUS_MOVE = YES;
				CLANG_WARN_UNGUARDED_AVAILABILITY = YES_AGGRESSIVE;
				CLANG_WARN_UNREACHABLE_CODE = YES;
				CLANG_WARN__DUPLICATE_METHOD_MATCH = YES;
				COPY_PHASE_STRIP = NO;
				DEBUG_INFORMATION_FORMAT = "dwarf-with-dsym";
				ENABLE_NS_ASSERTIONS = NO;
				ENABLE_STRICT_OBJC_MSGSEND = YES;
				GCC_C_LANGUAGE_STANDARD = gnu11;
				GCC_NO_COMMON_BLOCKS = YES;
				GCC_WARN_64_TO_32_BIT_CONVERSION = YES;
				GCC_WARN_ABOUT_RETURN_TYPE = YES_ERROR;
				GCC_WARN_UNDECLARED_SELECTOR = YES;
				GCC_WARN_UNINITIALIZED_AUTOS = YES_AGGRESSIVE;
				GCC_WARN_UNUSED_FUNCTION = YES;
				GCC_WARN_UNUSED_VARIABLE = YES;
				IPHONEOS_DEPLOYMENT_TARGET = 13.5;
				MTL_ENABLE_DEBUG_INFO = NO;
				MTL_FAST_MATH = YES;
				SDKROOT = iphoneos;
				VALIDATE_PRODUCT = YES;
			};
			name = Release;
		};
		949A20CE24BCBCB8007010FD /* Debug */ = {
			isa = XCBuildConfiguration;
			baseConfigurationReference = 029ACA8CAD479C08B9C7604E /* Pods-Travelr.debug.xcconfig */;
			buildSettings = {
				ASSETCATALOG_COMPILER_APPICON_NAME = AppIcon;
				CODE_SIGN_STYLE = Automatic;
				INFOPLIST_FILE = Travelr/Info.plist;
				LD_RUNPATH_SEARCH_PATHS = (
					"$(inherited)",
					"@executable_path/Frameworks",
				);
				PRODUCT_BUNDLE_IDENTIFIER = anacismaru.Travelr;
				PRODUCT_NAME = "$(TARGET_NAME)";
				TARGETED_DEVICE_FAMILY = "1,2";
			};
			name = Debug;
		};
		949A20CF24BCBCB8007010FD /* Release */ = {
			isa = XCBuildConfiguration;
			baseConfigurationReference = 3769A92898CABDAFAF08B2BC /* Pods-Travelr.release.xcconfig */;
			buildSettings = {
				ASSETCATALOG_COMPILER_APPICON_NAME = AppIcon;
				CODE_SIGN_STYLE = Automatic;
				INFOPLIST_FILE = Travelr/Info.plist;
				LD_RUNPATH_SEARCH_PATHS = (
					"$(inherited)",
					"@executable_path/Frameworks",
				);
				PRODUCT_BUNDLE_IDENTIFIER = anacismaru.Travelr;
				PRODUCT_NAME = "$(TARGET_NAME)";
				TARGETED_DEVICE_FAMILY = "1,2";
			};
			name = Release;
		};
		949A20D124BCBCB8007010FD /* Debug */ = {
			isa = XCBuildConfiguration;
			baseConfigurationReference = 00D60ACE110090E27B050064 /* Pods-TravelrTests.debug.xcconfig */;
			buildSettings = {
				BUNDLE_LOADER = "$(TEST_HOST)";
				CODE_SIGN_STYLE = Automatic;
				INFOPLIST_FILE = TravelrTests/Info.plist;
				IPHONEOS_DEPLOYMENT_TARGET = 13.5;
				LD_RUNPATH_SEARCH_PATHS = (
					"$(inherited)",
					"@executable_path/Frameworks",
					"@loader_path/Frameworks",
				);
				PRODUCT_BUNDLE_IDENTIFIER = anacismaru.TravelrTests;
				PRODUCT_NAME = "$(TARGET_NAME)";
				TARGETED_DEVICE_FAMILY = "1,2";
				TEST_HOST = "$(BUILT_PRODUCTS_DIR)/Travelr.app/Travelr";
			};
			name = Debug;
		};
		949A20D224BCBCB8007010FD /* Release */ = {
			isa = XCBuildConfiguration;
			baseConfigurationReference = ABB1C2003509E12E20E7721F /* Pods-TravelrTests.release.xcconfig */;
			buildSettings = {
				BUNDLE_LOADER = "$(TEST_HOST)";
				CODE_SIGN_STYLE = Automatic;
				INFOPLIST_FILE = TravelrTests/Info.plist;
				IPHONEOS_DEPLOYMENT_TARGET = 13.5;
				LD_RUNPATH_SEARCH_PATHS = (
					"$(inherited)",
					"@executable_path/Frameworks",
					"@loader_path/Frameworks",
				);
				PRODUCT_BUNDLE_IDENTIFIER = anacismaru.TravelrTests;
				PRODUCT_NAME = "$(TARGET_NAME)";
				TARGETED_DEVICE_FAMILY = "1,2";
				TEST_HOST = "$(BUILT_PRODUCTS_DIR)/Travelr.app/Travelr";
			};
			name = Release;
		};
		949A20D424BCBCB8007010FD /* Debug */ = {
			isa = XCBuildConfiguration;
			baseConfigurationReference = F835D47B3EC405423922B997 /* Pods-Travelr-TravelrUITests.debug.xcconfig */;
			buildSettings = {
				CODE_SIGN_STYLE = Automatic;
				INFOPLIST_FILE = TravelrUITests/Info.plist;
				LD_RUNPATH_SEARCH_PATHS = (
					"$(inherited)",
					"@executable_path/Frameworks",
					"@loader_path/Frameworks",
				);
				PRODUCT_BUNDLE_IDENTIFIER = anacismaru.TravelrUITests;
				PRODUCT_NAME = "$(TARGET_NAME)";
				TARGETED_DEVICE_FAMILY = "1,2";
				TEST_TARGET_NAME = Travelr;
			};
			name = Debug;
		};
		949A20D524BCBCB8007010FD /* Release */ = {
			isa = XCBuildConfiguration;
			baseConfigurationReference = 7FF7D7F6CDFA6041A1F5E95D /* Pods-Travelr-TravelrUITests.release.xcconfig */;
			buildSettings = {
				CODE_SIGN_STYLE = Automatic;
				INFOPLIST_FILE = TravelrUITests/Info.plist;
				LD_RUNPATH_SEARCH_PATHS = (
					"$(inherited)",
					"@executable_path/Frameworks",
					"@loader_path/Frameworks",
				);
				PRODUCT_BUNDLE_IDENTIFIER = anacismaru.TravelrUITests;
				PRODUCT_NAME = "$(TARGET_NAME)";
				TARGETED_DEVICE_FAMILY = "1,2";
				TEST_TARGET_NAME = Travelr;
			};
			name = Release;
		};
/* End XCBuildConfiguration section */

/* Begin XCConfigurationList section */
		949A209924BCBCB7007010FD /* Build configuration list for PBXProject "Travelr" */ = {
			isa = XCConfigurationList;
			buildConfigurations = (
				949A20CB24BCBCB8007010FD /* Debug */,
				949A20CC24BCBCB8007010FD /* Release */,
			);
			defaultConfigurationIsVisible = 0;
			defaultConfigurationName = Release;
		};
		949A20CD24BCBCB8007010FD /* Build configuration list for PBXNativeTarget "Travelr" */ = {
			isa = XCConfigurationList;
			buildConfigurations = (
				949A20CE24BCBCB8007010FD /* Debug */,
				949A20CF24BCBCB8007010FD /* Release */,
			);
			defaultConfigurationIsVisible = 0;
			defaultConfigurationName = Release;
		};
		949A20D024BCBCB8007010FD /* Build configuration list for PBXNativeTarget "TravelrTests" */ = {
			isa = XCConfigurationList;
			buildConfigurations = (
				949A20D124BCBCB8007010FD /* Debug */,
				949A20D224BCBCB8007010FD /* Release */,
			);
			defaultConfigurationIsVisible = 0;
			defaultConfigurationName = Release;
		};
		949A20D324BCBCB8007010FD /* Build configuration list for PBXNativeTarget "TravelrUITests" */ = {
			isa = XCConfigurationList;
			buildConfigurations = (
				949A20D424BCBCB8007010FD /* Debug */,
				949A20D524BCBCB8007010FD /* Release */,
			);
			defaultConfigurationIsVisible = 0;
			defaultConfigurationName = Release;
		};
/* End XCConfigurationList section */
	};
	rootObject = 949A209624BCBCB7007010FD /* Project object */;
}
